{
  "object": {
    "pins": [
      {
        "package": "BSImagePicker",
        "repositoryURL": "https://github.com/mikaoj/BSImagePicker",
        "state": {
          "branch": "master",
          "revision": "464dc40e1d54f595be89b1951638612ceedb4340",
          "version": null
        }
      },
      {
        "package": "SnapKit",
        "repositoryURL": "https://github.com/SnapKit/SnapKit.git",
        "state": {
          "branch": "develop",
          "revision": "466db39ee4ef32b0f7c8cd9f009aaf42f80beace",
          "version": null
        }
      }
    ]
  },
  "version": 1
}
